Microsoft Visual Studio Solution File, Format Version 11.00
# Visual Studio 2008

Project("{6C052D5C-3839-3411-7F99-5EBBA439A105}") = "jieru3", "Assembly-CSharp-firstpass-vs.csproj", "{492E817E-51EC-0B86-766F-F5621403793D}"
EndProject
Project("{6C052D5C-3839-3411-7F99-5EBBA439A105}") = "jieru3", "Assembly-CSharp-vs.csproj", "{B778C096-4216-C6E7-D16C-509CF80C06D0}"
EndProject
Project("{6C052D5C-3839-3411-7F99-5EBBA439A105}") = "jieru3", "Assembly-CSharp-Editor-vs.csproj", "{4D028EFF-13B7-3C54-B07D-34F4C082C2E2}"
EndProject
Global
	GlobalSection(SolutionConfigurationPlatforms) = preSolution
		Debug|Any CPU = Debug|Any CPU
		Release|Any CPU = Release|Any CPU
	EndGlobalSection
	GlobalSection(ProjectConfigurationPlatforms) = postSolution
		{492E817E-51EC-0B86-766F-F5621403793D}.Debug|Any CPU.ActiveCfg = Debug|Any CPU
		{492E817E-51EC-0B86-766F-F5621403793D}.Debug|Any CPU.Build.0 = Debug|Any CPU
		{492E817E-51EC-0B86-766F-F5621403793D}.Release|Any CPU.ActiveCfg = Release|Any CPU
		{492E817E-51EC-0B86-766F-F5621403793D}.Release|Any CPU.Build.0 = Release|Any CPU
		{B778C096-4216-C6E7-D16C-509CF80C06D0}.Debug|Any CPU.ActiveCfg = Debug|Any CPU
		{B778C096-4216-C6E7-D16C-509CF80C06D0}.Debug|Any CPU.Build.0 = Debug|Any CPU
		{B778C096-4216-C6E7-D16C-509CF80C06D0}.Release|Any CPU.ActiveCfg = Release|Any CPU
		{B778C096-4216-C6E7-D16C-509CF80C06D0}.Release|Any CPU.Build.0 = Release|Any CPU
		{4D028EFF-13B7-3C54-B07D-34F4C082C2E2}.Debug|Any CPU.ActiveCfg = Debug|Any CPU
		{4D028EFF-13B7-3C54-B07D-34F4C082C2E2}.Debug|Any CPU.Build.0 = Debug|Any CPU
		{4D028EFF-13B7-3C54-B07D-34F4C082C2E2}.Release|Any CPU.ActiveCfg = Release|Any CPU
		{4D028EFF-13B7-3C54-B07D-34F4C082C2E2}.Release|Any CPU.Build.0 = Release|Any CPU
	EndGlobalSection
	GlobalSection(SolutionProperties) = preSolution
		HideSolutionNode = FALSE
	EndGlobalSection
																						GlobalSection(MonoDevelopProperties) = preSolution
		StartupItem = Assembly-CSharp.csproj
		Policies = $0
		$0.TextStylePolicy = $1
		$1.inheritsSet = null
		$1.scope = text/x-csharp
		$0.CSharpFormattingPolicy = $2
		$2.inheritsSet = Mono
		$2.inheritsScope = text/x-csharp
		$2.scope = text/x-csharp
		$0.TextStylePolicy = $3
		$3.FileWidth = 120
		$3.TabWidth = 4
		$3.EolMarker = Unix
		$3.inheritsSet = Mono
		$3.inheritsScope = text/plain
		$3.scope = text/plain
	EndGlobalSection

EndGlobal
