<?xml version="1.0" encoding="utf-8"?>
<Project ToolsVersion="4.0" xmlns="http://schemas.microsoft.com/developer/msbuild/2003">
  <ItemGroup>
    <Filter Include="Source Files">
      <UniqueIdentifier>{ee474afc-091d-45e8-a07e-3c1759292a92}</UniqueIdentifier>
      <Extensions>cpp;c;cxx;rc;def;r;odl;idl;hpj;bat</Extensions>
    </Filter>
    <Filter Include="Header Files">
      <UniqueIdentifier>{93fde00b-a4dd-4eb7-b243-b4f5ba7524fc}</UniqueIdentifier>
      <Extensions>h;hpp;hxx;hm;inl</Extensions>
    </Filter>
    <Filter Include="Resource Files">
      <UniqueIdentifier>{a96c11cb-7def-4f3c-89f5-bb8744f62b14}</UniqueIdentifier>
      <Extensions>ico;cur;bmp;dlg;rc2;rct;bin;rgs;gif;jpg;jpeg;jpe</Extensions>
    </Filter>
  </ItemGroup>
  <ItemGroup>
    <ClCompile Include="..\..\Program Files\Microsoft Visual Studio\VC98\MFC\SRC\APPMODUL.CPP">
      <Filter>Source Files</Filter>
    </ClCompile>
    <ClCompile Include="Dialog1.cpp">
      <Filter>Source Files</Filter>
    </ClCompile>
    <ClCompile Include="Dialog2.cpp">
      <Filter>Source Files</Filter>
    </ClCompile>
    <ClCompile Include="Dialog3.cpp">
      <Filter>Source Files</Filter>
    </ClCompile>
    <ClCompile Include="MultiThread11.cpp">
      <Filter>Source Files</Filter>
    </ClCompile>
    <ClCompile Include="MultiThread11Dlg.cpp">
      <Filter>Source Files</Filter>
    </ClCompile>
    <ClCompile Include="StdAfx.cpp">
      <Filter>Source Files</Filter>
    </ClCompile>
  </ItemGroup>
  <ItemGroup>
    <ResourceCompile Include="MultiThread11.rc">
      <Filter>Source Files</Filter>
    </ResourceCompile>
  </ItemGroup>
  <ItemGroup>
    <ClInclude Include="Dialog1.h">
      <Filter>Header Files</Filter>
    </ClInclude>
    <ClInclude Include="Dialog2.h">
      <Filter>Header Files</Filter>
    </ClInclude>
    <ClInclude Include="Dialog3.h">
      <Filter>Header Files</Filter>
    </ClInclude>
    <ClInclude Include="MultiThread11.h">
      <Filter>Header Files</Filter>
    </ClInclude>
    <ClInclude Include="MultiThread11Dlg.h">
      <Filter>Header Files</Filter>
    </ClInclude>
    <ClInclude Include="Resource.h">
      <Filter>Header Files</Filter>
    </ClInclude>
    <ClInclude Include="StdAfx.h">
      <Filter>Header Files</Filter>
    </ClInclude>
  </ItemGroup>
  <ItemGroup>
    <CustomBuild Include="res\MultiThread11.ico">
      <Filter>Resource Files</Filter>
    </CustomBuild>
    <CustomBuild Include="res\MultiThread11.rc2">
      <Filter>Resource Files</Filter>
    </CustomBuild>
    <CustomBuild Include="ReadMe.txt" />
  </ItemGroup>
</Project>